{
  "originHash" : "7128733fd8d118bdf6a9c9b74cde3d81a9723183e5944bb803d5f16b3adedd5c",
  "pins" : [
    {
      "identity" : "llama.cpp",
      "kind" : "remoteSourceControl",
      "location" : "https://github.com/ggerganov/llama.cpp",
      "state" : {
        "branch" : "9b75f03",
        "revision" : "9b75f03cd2ec9cc482084049d87a0f08f9f01517"
      }
    }
  ],
  "version" : 3
}
