{
  "originHash" : "23bbbfe71a205db0a673aa4b6a506b3ccb704d1ace2a191a55accee2ff27dbd1",
  "pins" : [
    {
      "identity" : "llama.cpp",
      "kind" : "remoteSourceControl",
      "location" : "https://github.com/ggerganov/llama.cpp",
      "state" : {
        "branch" : "master",
        "revision" : "f139d2ea611c5604395c95160d3c53f7c4eaf220"
      }
    }
  ],
  "version" : 3
}
